// !$*UTF8*$!
{
	archiveVersion = 1;
	classes = {
	};
	objectVersion = 46;
	objects = {

/* Begin PBXBuildFile section */
		2A15D10515897286007D4F45 /* UIKit.framework in Frameworks */ = {isa = PBXBuildFile; fileRef = 2A15D10415897286007D4F45 /* UIKit.framework */; };
		2A15D10715897286007D4F45 /* Foundation.framework in Frameworks */ = {isa = PBXBuildFile; fileRef = 2A15D10615897286007D4F45 /* Foundation.framework */; };
		2A15D10915897286007D4F45 /* CoreGraphics.framework in Frameworks */ = {isa = PBXBuildFile; fileRef = 2A15D10815897286007D4F45 /* CoreGraphics.framework */; };
		2A15D10F15897286007D4F45 /* InfoPlist.strings in Resources */ = {isa = PBXBuildFile; fileRef = 2A15D10D15897286007D4F45 /* InfoPlist.strings */; };
		2A15D11115897286007D4F45 /* main.m in Sources */ = {isa = PBXBuildFile; fileRef = 2A15D11015897286007D4F45 /* main.m */; };
		2A15D11515897286007D4F45 /* AppDelegate.m in Sources */ = {isa = PBXBuildFile; fileRef = 2A15D11415897286007D4F45 /* AppDelegate.m */; };
		2A15D11815897286007D4F45 /* RootViewController.m in Sources */ = {isa = PBXBuildFile; fileRef = 2A15D11715897286007D4F45 /* RootViewController.m */; };
		2A15D11B15897286007D4F45 /* DataViewController.m in Sources */ = {isa = PBXBuildFile; fileRef = 2A15D11A15897286007D4F45 /* DataViewController.m */; };
		2A15D11E15897286007D4F45 /* ModelController.m in Sources */ = {isa = PBXBuildFile; fileRef = 2A15D11D15897286007D4F45 /* ModelController.m */; };
		2A15D12115897286007D4F45 /* MainStoryboard_iPhone.storyboard in Resources */ = {isa = PBXBuildFile; fileRef = 2A15D11F15897286007D4F45 /* MainStoryboard_iPhone.storyboard */; };
		2A15D12415897286007D4F45 /* MainStoryboard_iPad.storyboard in Resources */ = {isa = PBXBuildFile; fileRef = 2A15D12215897286007D4F45 /* MainStoryboard_iPad.storyboard */; };
		2A15D12C15897286007D4F45 /* SenTestingKit.framework in Frameworks */ = {isa = PBXBuildFile; fileRef = 2A15D12B15897286007D4F45 /* SenTestingKit.framework */; };
		2A15D12D15897286007D4F45 /* UIKit.framework in Frameworks */ = {isa = PBXBuildFile; fileRef = 2A15D10415897286007D4F45 /* UIKit.framework */; };
		2A15D12E15897286007D4F45 /* Foundation.framework in Frameworks */ = {isa = PBXBuildFile; fileRef = 2A15D10615897286007D4F45 /* Foundation.framework */; };
		2A15D13615897286007D4F45 /* InfoPlist.strings in Resources */ = {isa = PBXBuildFile; fileRef = 2A15D13415897286007D4F45 /* InfoPlist.strings */; };
		2A15D13915897286007D4F45 /* RealTimeLifeTests.m in Sources */ = {isa = PBXBuildFile; fileRef = 2A15D13815897286007D4F45 /* RealTimeLifeTests.m */; };
/* End PBXBuildFile section */

/* Begin PBXContainerItemProxy section */
		2A15D12F15897286007D4F45 /* PBXContainerItemProxy */ = {
			isa = PBXContainerItemProxy;
			containerPortal = 2A15D0F715897286007D4F45 /* Project object */;
			proxyType = 1;
			remoteGlobalIDString = 2A15D0FF15897286007D4F45;
			remoteInfo = RealTimeLife;
		};
		2AAF062C15897638002ACE84 /* PBXContainerItemProxy */ = {
			isa = PBXContainerItemProxy;
			containerPortal = 2AAF061D15897638002ACE84 /* MapView.xcodeproj */;
			proxyType = 2;
			remoteGlobalIDString = 17F31EFA1331050A00122B16;
			remoteInfo = MapView;
		};
		2AAF062E15897638002ACE84 /* PBXContainerItemProxy */ = {
			isa = PBXContainerItemProxy;
			containerPortal = 2AAF061D15897638002ACE84 /* MapView.xcodeproj */;
			proxyType = 2;
			remoteGlobalIDString = 2BF3078F0F8AC5C0007014EE;
			remoteInfo = "Unit Tests";
		};
/* End PBXContainerItemProxy section */

/* Begin PBXFileReference section */
		2A15D10015897286007D4F45 /* RealTimeLife.app */ = {isa = PBXFileReference; explicitFileType = wrapper.application; includeInIndex = 0; path = RealTimeLife.app; sourceTree = BUILT_PRODUCTS_DIR; };
		2A15D10415897286007D4F45 /* UIKit.framework */ = {isa = PBXFileReference; lastKnownFileType = wrapper.framework; name = UIKit.framework; path = System/Library/Frameworks/UIKit.framework; sourceTree = SDKROOT; };
		2A15D10615897286007D4F45 /* Foundation.framework */ = {isa = PBXFileReference; lastKnownFileType = wrapper.framework; name = Foundation.framework; path = System/Library/Frameworks/Foundation.framework; sourceTree = SDKROOT; };
		2A15D10815897286007D4F45 /* CoreGraphics.framework */ = {isa = PBXFileReference; lastKnownFileType = wrapper.framework; name = CoreGraphics.framework; path = System/Library/Frameworks/CoreGraphics.framework; sourceTree = SDKROOT; };
		2A15D10C15897286007D4F45 /* RealTimeLife-Info.plist */ = {isa = PBXFileReference; lastKnownFileType = text.plist.xml; path = "RealTimeLife-Info.plist"; sourceTree = "<group>"; };
		2A15D10E15897286007D4F45 /* en */ = {isa = PBXFileReference; lastKnownFileType = text.plist.strings; name = en; path = en.lproj/InfoPlist.strings; sourceTree = "<group>"; };
		2A15D11015897286007D4F45 /* main.m */ = {isa = PBXFileReference; lastKnownFileType = sourcecode.c.objc; path = main.m; sourceTree = "<group>"; };
		2A15D11215897286007D4F45 /* RealTimeLife-Prefix.pch */ = {isa = PBXFileReference; lastKnownFileType = sourcecode.c.h; path = "RealTimeLife-Prefix.pch"; sourceTree = "<group>"; };
		2A15D11315897286007D4F45 /* AppDelegate.h */ = {isa = PBXFileReference; lastKnownFileType = sourcecode.c.h; path = AppDelegate.h; sourceTree = "<group>"; };
		2A15D11415897286007D4F45 /* AppDelegate.m */ = {isa = PBXFileReference; lastKnownFileType = sourcecode.c.objc; path = AppDelegate.m; sourceTree = "<group>"; };
		2A15D11615897286007D4F45 /* RootViewController.h */ = {isa = PBXFileReference; lastKnownFileType = sourcecode.c.h; path = RootViewController.h; sourceTree = "<group>"; };
		2A15D11715897286007D4F45 /* RootViewController.m */ = {isa = PBXFileReference; lastKnownFileType = sourcecode.c.objc; path = RootViewController.m; sourceTree = "<group>"; };
		2A15D11915897286007D4F45 /* DataViewController.h */ = {isa = PBXFileReference; lastKnownFileType = sourcecode.c.h; path = DataViewController.h; sourceTree = "<group>"; };
		2A15D11A15897286007D4F45 /* DataViewController.m */ = {isa = PBXFileReference; lastKnownFileType = sourcecode.c.objc; path = DataViewController.m; sourceTree = "<group>"; };
		2A15D11C15897286007D4F45 /* ModelController.h */ = {isa = PBXFileReference; lastKnownFileType = sourcecode.c.h; path = ModelController.h; sourceTree = "<group>"; };
		2A15D11D15897286007D4F45 /* ModelController.m */ = {isa = PBXFileReference; lastKnownFileType = sourcecode.c.objc; path = ModelController.m; sourceTree = "<group>"; };
		2A15D12015897286007D4F45 /* en */ = {isa = PBXFileReference; lastKnownFileType = file.storyboard; name = en; path = en.lproj/MainStoryboard_iPhone.storyboard; sourceTree = "<group>"; };
		2A15D12315897286007D4F45 /* en */ = {isa = PBXFileReference; lastKnownFileType = file.storyboard; name = en; path = en.lproj/MainStoryboard_iPad.storyboard; sourceTree = "<group>"; };
		2A15D12A15897286007D4F45 /* RealTimeLifeTests.octest */ = {isa = PBXFileReference; explicitFileType = wrapper.cfbundle; includeInIndex = 0; path = RealTimeLifeTests.octest; sourceTree = BUILT_PRODUCTS_DIR; };
		2A15D12B15897286007D4F45 /* SenTestingKit.framework */ = {isa = PBXFileReference; lastKnownFileType = wrapper.framework; name = SenTestingKit.framework; path = Library/Frameworks/SenTestingKit.framework; sourceTree = DEVELOPER_DIR; };
		2A15D13315897286007D4F45 /* RealTimeLifeTests-Info.plist */ = {isa = PBXFileReference; lastKnownFileType = text.plist.xml; path = "RealTimeLifeTests-Info.plist"; sourceTree = "<group>"; };
		2A15D13515897286007D4F45 /* en */ = {isa = PBXFileReference; lastKnownFileType = text.plist.strings; name = en; path = en.lproj/InfoPlist.strings; sourceTree = "<group>"; };
		2A15D13715897286007D4F45 /* RealTimeLifeTests.h */ = {isa = PBXFileReference; lastKnownFileType = sourcecode.c.h; path = RealTimeLifeTests.h; sourceTree = "<group>"; };
		2A15D13815897286007D4F45 /* RealTimeLifeTests.m */ = {isa = PBXFileReference; lastKnownFileType = sourcecode.c.objc; path = RealTimeLifeTests.m; sourceTree = "<group>"; };
		2AAF061D15897638002ACE84 /* MapView.xcodeproj */ = {isa = PBXFileReference; lastKnownFileType = "wrapper.pb-project"; name = MapView.xcodeproj; path = "mapbox-ios-sdk/MapView/MapView.xcodeproj"; sourceTree = "<group>"; };
/* End PBXFileReference section */

/* Begin PBXFrameworksBuildPhase section */
		2A15D0FD15897286007D4F45 /* Frameworks */ = {
			isa = PBXFrameworksBuildPhase;
			buildActionMask = 2147483647;
			files = (
				2A15D10515897286007D4F45 /* UIKit.framework in Frameworks */,
				2A15D10715897286007D4F45 /* Foundation.framework in Frameworks */,
				2A15D10915897286007D4F45 /* CoreGraphics.framework in Frameworks */,
			);
			runOnlyForDeploymentPostprocessing = 0;
		};
		2A15D12615897286007D4F45 /* Frameworks */ = {
			isa = PBXFrameworksBuildPhase;
			buildActionMask = 2147483647;
			files = (
				2A15D12C15897286007D4F45 /* SenTestingKit.framework in Frameworks */,
				2A15D12D15897286007D4F45 /* UIKit.framework in Frameworks */,
				2A15D12E15897286007D4F45 /* Foundation.framework in Frameworks */,
			);
			runOnlyForDeploymentPostprocessing = 0;
		};
/* End PBXFrameworksBuildPhase section */

/* Begin PBXGroup section */
		2A15D0F515897286007D4F45 = {
			isa = PBXGroup;
			children = (
				2AAF061D15897638002ACE84 /* MapView.xcodeproj */,
				2A15D10A15897286007D4F45 /* RealTimeLife */,
				2A15D13115897286007D4F45 /* RealTimeLifeTests */,
				2A15D10315897286007D4F45 /* Frameworks */,
				2A15D10115897286007D4F45 /* Products */,
			);
			sourceTree = "<group>";
		};
		2A15D10115897286007D4F45 /* Products */ = {
			isa = PBXGroup;
			children = (
				2A15D10015897286007D4F45 /* RealTimeLife.app */,
				2A15D12A15897286007D4F45 /* RealTimeLifeTests.octest */,
			);
			name = Products;
			sourceTree = "<group>";
		};
		2A15D10315897286007D4F45 /* Frameworks */ = {
			isa = PBXGroup;
			children = (
				2A15D10415897286007D4F45 /* UIKit.framework */,
				2A15D10615897286007D4F45 /* Foundation.framework */,
				2A15D10815897286007D4F45 /* CoreGraphics.framework */,
				2A15D12B15897286007D4F45 /* SenTestingKit.framework */,
			);
			name = Frameworks;
			sourceTree = "<group>";
		};
		2A15D10A15897286007D4F45 /* RealTimeLife */ = {
			isa = PBXGroup;
			children = (
				2A15D11315897286007D4F45 /* AppDelegate.h */,
				2A15D11415897286007D4F45 /* AppDelegate.m */,
				2A15D11615897286007D4F45 /* RootViewController.h */,
				2A15D11715897286007D4F45 /* RootViewController.m */,
				2A15D11915897286007D4F45 /* DataViewController.h */,
				2A15D11A15897286007D4F45 /* DataViewController.m */,
				2A15D11C15897286007D4F45 /* ModelController.h */,
				2A15D11D15897286007D4F45 /* ModelController.m */,
				2A15D11F15897286007D4F45 /* MainStoryboard_iPhone.storyboard */,
				2A15D12215897286007D4F45 /* MainStoryboard_iPad.storyboard */,
				2A15D10B15897286007D4F45 /* Supporting Files */,
			);
			path = RealTimeLife;
			sourceTree = "<group>";
		};
		2A15D10B15897286007D4F45 /* Supporting Files */ = {
			isa = PBXGroup;
			children = (
				2A15D10C15897286007D4F45 /* RealTimeLife-Info.plist */,
				2A15D10D15897286007D4F45 /* InfoPlist.strings */,
				2A15D11015897286007D4F45 /* main.m */,
				2A15D11215897286007D4F45 /* RealTimeLife-Prefix.pch */,
			);
			name = "Supporting Files";
			sourceTree = "<group>";
		};
		2A15D13115897286007D4F45 /* RealTimeLifeTests */ = {
			isa = PBXGroup;
			children = (
				2A15D13715897286007D4F45 /* RealTimeLifeTests.h */,
				2A15D13815897286007D4F45 /* RealTimeLifeTests.m */,
				2A15D13215897286007D4F45 /* Supporting Files */,
			);
			path = RealTimeLifeTests;
			sourceTree = "<group>";
		};
		2A15D13215897286007D4F45 /* Supporting Files */ = {
			isa = PBXGroup;
			children = (
				2A15D13315897286007D4F45 /* RealTimeLifeTests-Info.plist */,
				2A15D13415897286007D4F45 /* InfoPlist.strings */,
			);
			name = "Supporting Files";
			sourceTree = "<group>";
		};
		2AAF061E15897638002ACE84 /* Products */ = {
			isa = PBXGroup;
			children = (
				2AAF062D15897638002ACE84 /* libMapView.a */,
				2AAF062F15897638002ACE84 /* RM Unit Tests.app */,
			);
			name = Products;
			sourceTree = "<group>";
		};
/* End PBXGroup section */

/* Begin PBXNativeTarget section */
		2A15D0FF15897286007D4F45 /* RealTimeLife */ = {
			isa = PBXNativeTarget;
			buildConfigurationList = 2A15D13C15897286007D4F45 /* Build configuration list for PBXNativeTarget "RealTimeLife" */;
			buildPhases = (
				2A15D0FC15897286007D4F45 /* Sources */,
				2A15D0FD15897286007D4F45 /* Frameworks */,
				2A15D0FE15897286007D4F45 /* Resources */,
			);
			buildRules = (
			);
			dependencies = (
			);
			name = RealTimeLife;
			productName = RealTimeLife;
			productReference = 2A15D10015897286007D4F45 /* RealTimeLife.app */;
			productType = "com.apple.product-type.application";
		};
		2A15D12915897286007D4F45 /* RealTimeLifeTests */ = {
			isa = PBXNativeTarget;
			buildConfigurationList = 2A15D13F15897286007D4F45 /* Build configuration list for PBXNativeTarget "RealTimeLifeTests" */;
			buildPhases = (
				2A15D12515897286007D4F45 /* Sources */,
				2A15D12615897286007D4F45 /* Frameworks */,
				2A15D12715897286007D4F45 /* Resources */,
				2A15D12815897286007D4F45 /* ShellScript */,
			);
			buildRules = (
			);
			dependencies = (
				2A15D13015897286007D4F45 /* PBXTargetDependency */,
			);
			name = RealTimeLifeTests;
			productName = RealTimeLifeTests;
			productReference = 2A15D12A15897286007D4F45 /* RealTimeLifeTests.octest */;
			productType = "com.apple.product-type.bundle";
		};
/* End PBXNativeTarget section */

/* Begin PBXProject section */
		2A15D0F715897286007D4F45 /* Project object */ = {
			isa = PBXProject;
			attributes = {
				LastUpgradeCheck = 0430;
			};
			buildConfigurationList = 2A15D0FA15897286007D4F45 /* Build configuration list for PBXProject "RealTimeLife" */;
			compatibilityVersion = "Xcode 3.2";
			developmentRegion = English;
			hasScannedForEncodings = 0;
			knownRegions = (
				en,
			);
			mainGroup = 2A15D0F515897286007D4F45;
			productRefGroup = 2A15D10115897286007D4F45 /* Products */;
			projectDirPath = "";
			projectReferences = (
				{
					ProductGroup = 2AAF061E15897638002ACE84 /* Products */;
					ProjectRef = 2AAF061D15897638002ACE84 /* MapView.xcodeproj */;
				},
			);
			projectRoot = "";
			targets = (
				2A15D0FF15897286007D4F45 /* RealTimeLife */,
				2A15D12915897286007D4F45 /* RealTimeLifeTests */,
			);
		};
/* End PBXProject section */

/* Begin PBXReferenceProxy section */
		2AAF062D15897638002ACE84 /* libMapView.a */ = {
			isa = PBXReferenceProxy;
			fileType = archive.ar;
			path = libMapView.a;
			remoteRef = 2AAF062C15897638002ACE84 /* PBXContainerItemProxy */;
			sourceTree = BUILT_PRODUCTS_DIR;
		};
		2AAF062F15897638002ACE84 /* RM Unit Tests.app */ = {
			isa = PBXReferenceProxy;
			fileType = wrapper.application;
			path = "RM Unit Tests.app";
			remoteRef = 2AAF062E15897638002ACE84 /* PBXContainerItemProxy */;
			sourceTree = BUILT_PRODUCTS_DIR;
		};
/* End PBXReferenceProxy section */

/* Begin PBXResourcesBuildPhase section */
		2A15D0FE15897286007D4F45 /* Resources */ = {
			isa = PBXResourcesBuildPhase;
			buildActionMask = 2147483647;
			files = (
				2A15D10F15897286007D4F45 /* InfoPlist.strings in Resources */,
				2A15D12115897286007D4F45 /* MainStoryboard_iPhone.storyboard in Resources */,
				2A15D12415897286007D4F45 /* MainStoryboard_iPad.storyboard in Resources */,
			);
			runOnlyForDeploymentPostprocessing = 0;
		};
		2A15D12715897286007D4F45 /* Resources */ = {
			isa = PBXResourcesBuildPhase;
			buildActionMask = 2147483647;
			files = (
				2A15D13615897286007D4F45 /* InfoPlist.strings in Resources */,
			);
			runOnlyForDeploymentPostprocessing = 0;
		};
/* End PBXResourcesBuildPhase section */

/* Begin PBXShellScriptBuildPhase section */
		2A15D12815897286007D4F45 /* ShellScript */ = {
			isa = PBXShellScriptBuildPhase;
			buildActionMask = 2147483647;
			files = (
			);
			inputPaths = (
			);
			outputPaths = (
			);
			runOnlyForDeploymentPostprocessing = 0;
			shellPath = /bin/sh;
			shellScript = "# Run the unit tests in this test bundle.\n\"${SYSTEM_DEVELOPER_DIR}/Tools/RunUnitTests\"\n";
		};
/* End PBXShellScriptBuildPhase section */

/* Begin PBXSourcesBuildPhase section */
		2A15D0FC15897286007D4F45 /* Sources */ = {
			isa = PBXSourcesBuildPhase;
			buildActionMask = 2147483647;
			files = (
				2A15D11115897286007D4F45 /* main.m in Sources */,
				2A15D11515897286007D4F45 /* AppDelegate.m in Sources */,
				2A15D11815897286007D4F45 /* RootViewController.m in Sources */,
				2A15D11B15897286007D4F45 /* DataViewController.m in Sources */,
				2A15D11E15897286007D4F45 /* ModelController.m in Sources */,
			);
			runOnlyForDeploymentPostprocessing = 0;
		};
		2A15D12515897286007D4F45 /* Sources */ = {
			isa = PBXSourcesBuildPhase;
			buildActionMask = 2147483647;
			files = (
				2A15D13915897286007D4F45 /* RealTimeLifeTests.m in Sources */,
			);
			runOnlyForDeploymentPostprocessing = 0;
		};
/* End PBXSourcesBuildPhase section */

/* Begin PBXTargetDependency section */
		2A15D13015897286007D4F45 /* PBXTargetDependency */ = {
			isa = PBXTargetDependency;
			target = 2A15D0FF15897286007D4F45 /* RealTimeLife */;
			targetProxy = 2A15D12F15897286007D4F45 /* PBXContainerItemProxy */;
		};
/* End PBXTargetDependency section */

/* Begin PBXVariantGroup section */
		2A15D10D15897286007D4F45 /* InfoPlist.strings */ = {
			isa = PBXVariantGroup;
			children = (
				2A15D10E15897286007D4F45 /* en */,
			);
			name = InfoPlist.strings;
			sourceTree = "<group>";
		};
		2A15D11F15897286007D4F45 /* MainStoryboard_iPhone.storyboard */ = {
			isa = PBXVariantGroup;
			children = (
				2A15D12015897286007D4F45 /* en */,
			);
			name = MainStoryboard_iPhone.storyboard;
			sourceTree = "<group>";
		};
		2A15D12215897286007D4F45 /* MainStoryboard_iPad.storyboard */ = {
			isa = PBXVariantGroup;
			children = (
				2A15D12315897286007D4F45 /* en */,
			);
			name = MainStoryboard_iPad.storyboard;
			sourceTree = "<group>";
		};
		2A15D13415897286007D4F45 /* InfoPlist.strings */ = {
			isa = PBXVariantGroup;
			children = (
				2A15D13515897286007D4F45 /* en */,
			);
			name = InfoPlist.strings;
			sourceTree = "<group>";
		};
/* End PBXVariantGroup section */

/* Begin XCBuildConfiguration section */
		2A15D13A15897286007D4F45 /* Debug */ = {
			isa = XCBuildConfiguration;
			buildSettings = {
				ALWAYS_SEARCH_USER_PATHS = NO;
				ARCHS = "$(ARCHS_STANDARD_32_BIT)";
				CLANG_ENABLE_OBJC_ARC = YES;
				"CODE_SIGN_IDENTITY[sdk=iphoneos*]" = "iPhone Developer";
				COPY_PHASE_STRIP = NO;
				GCC_C_LANGUAGE_STANDARD = gnu99;
				GCC_DYNAMIC_NO_PIC = NO;
				GCC_OPTIMIZATION_LEVEL = 0;
				GCC_PREPROCESSOR_DEFINITIONS = (
					"DEBUG=1",
					"$(inherited)",
				);
				GCC_SYMBOLS_PRIVATE_EXTERN = NO;
				GCC_VERSION = com.apple.compilers.llvm.clang.1_0;
				GCC_WARN_ABOUT_RETURN_TYPE = YES;
				GCC_WARN_UNINITIALIZED_AUTOS = YES;
				GCC_WARN_UNUSED_VARIABLE = YES;
				IPHONEOS_DEPLOYMENT_TARGET = 5.1;
				SDKROOT = iphoneos;
				TARGETED_DEVICE_FAMILY = "1,2";
			};
			name = Debug;
		};
		2A15D13B15897286007D4F45 /* Release */ = {
			isa = XCBuildConfiguration;
			buildSettings = {
				ALWAYS_SEARCH_USER_PATHS = NO;
				ARCHS = "$(ARCHS_STANDARD_32_BIT)";
				CLANG_ENABLE_OBJC_ARC = YES;
				"CODE_SIGN_IDENTITY[sdk=iphoneos*]" = "iPhone Developer";
				COPY_PHASE_STRIP = YES;
				GCC_C_LANGUAGE_STANDARD = gnu99;
				GCC_VERSION = com.apple.compilers.llvm.clang.1_0;
				GCC_WARN_ABOUT_RETURN_TYPE = YES;
				GCC_WARN_UNINITIALIZED_AUTOS = YES;
				GCC_WARN_UNUSED_VARIABLE = YES;
				IPHONEOS_DEPLOYMENT_TARGET = 5.1;
				OTHER_CFLAGS = "-DNS_BLOCK_ASSERTIONS=1";
				SDKROOT = iphoneos;
				TARGETED_DEVICE_FAMILY = "1,2";
				VALIDATE_PRODUCT = YES;
			};
			name = Release;
		};
		2A15D13D15897286007D4F45 /* Debug */ = {
			isa = XCBuildConfiguration;
			buildSettings = {
				GCC_PRECOMPILE_PREFIX_HEADER = YES;
				GCC_PREFIX_HEADER = "RealTimeLife/RealTimeLife-Prefix.pch";
				INFOPLIST_FILE = "RealTimeLife/RealTimeLife-Info.plist";
				PRODUCT_NAME = "$(TARGET_NAME)";
				WRAPPER_EXTENSION = app;
			};
			name = Debug;
		};
		2A15D13E15897286007D4F45 /* Release */ = {
			isa = XCBuildConfiguration;
			buildSettings = {
				GCC_PRECOMPILE_PREFIX_HEADER = YES;
				GCC_PREFIX_HEADER = "RealTimeLife/RealTimeLife-Prefix.pch";
				INFOPLIST_FILE = "RealTimeLife/RealTimeLife-Info.plist";
				PRODUCT_NAME = "$(TARGET_NAME)";
				WRAPPER_EXTENSION = app;
			};
			name = Release;
		};
		2A15D14015897286007D4F45 /* Debug */ = {
			isa = XCBuildConfiguration;
			buildSettings = {
				BUNDLE_LOADER = "$(BUILT_PRODUCTS_DIR)/RealTimeLife.app/RealTimeLife";
				FRAMEWORK_SEARCH_PATHS = (
					"$(SDKROOT)/Developer/Library/Frameworks",
					"$(DEVELOPER_LIBRARY_DIR)/Frameworks",
				);
				GCC_PRECOMPILE_PREFIX_HEADER = YES;
				GCC_PREFIX_HEADER = "RealTimeLife/RealTimeLife-Prefix.pch";
				INFOPLIST_FILE = "RealTimeLifeTests/RealTimeLifeTests-Info.plist";
				PRODUCT_NAME = "$(TARGET_NAME)";
				TEST_HOST = "$(BUNDLE_LOADER)";
				WRAPPER_EXTENSION = octest;
			};
			name = Debug;
		};
		2A15D14115897286007D4F45 /* Release */ = {
			isa = XCBuildConfiguration;
			buildSettings = {
				BUNDLE_LOADER = "$(BUILT_PRODUCTS_DIR)/RealTimeLife.app/RealTimeLife";
				FRAMEWORK_SEARCH_PATHS = (
					"$(SDKROOT)/Developer/Library/Frameworks",
					"$(DEVELOPER_LIBRARY_DIR)/Frameworks",
				);
				GCC_PRECOMPILE_PREFIX_HEADER = YES;
				GCC_PREFIX_HEADER = "RealTimeLife/RealTimeLife-Prefix.pch";
				INFOPLIST_FILE = "RealTimeLifeTests/RealTimeLifeTests-Info.plist";
				PRODUCT_NAME = "$(TARGET_NAME)";
				TEST_HOST = "$(BUNDLE_LOADER)";
				WRAPPER_EXTENSION = octest;
			};
			name = Release;
		};
/* End XCBuildConfiguration section */

/* Begin XCConfigurationList section */
		2A15D0FA15897286007D4F45 /* Build configuration list for PBXProject "RealTimeLife" */ = {
			isa = XCConfigurationList;
			buildConfigurations = (
				2A15D13A15897286007D4F45 /* Debug */,
				2A15D13B15897286007D4F45 /* Release */,
			);
			defaultConfigurationIsVisible = 0;
			defaultConfigurationName = Release;
		};
		2A15D13C15897286007D4F45 /* Build configuration list for PBXNativeTarget "RealTimeLife" */ = {
			isa = XCConfigurationList;
			buildConfigurations = (
				2A15D13D15897286007D4F45 /* Debug */,
				2A15D13E15897286007D4F45 /* Release */,
			);
			defaultConfigurationIsVisible = 0;
			defaultConfigurationName = Release;
		};
		2A15D13F15897286007D4F45 /* Build configuration list for PBXNativeTarget "RealTimeLifeTests" */ = {
			isa = XCConfigurationList;
			buildConfigurations = (
				2A15D14015897286007D4F45 /* Debug */,
				2A15D14115897286007D4F45 /* Release */,
			);
			defaultConfigurationIsVisible = 0;
			defaultConfigurationName = Release;
		};
/* End XCConfigurationList section */
	};
	rootObject = 2A15D0F715897286007D4F45 /* Project object */;
}
