// !$*UTF8*$!
{
	archiveVersion = 1;
	classes = {
	};
	objectVersion = 46;
	objects = {

/* Begin PBXBuildFile section */
		2A837951158BE0CD00F7BF66 /* event.png in Resources */ = {isa = PBXBuildFile; fileRef = 2A837950158BE0CD00F7BF66 /* event.png */; };
		2A837955158BE33200F7BF66 /* profile-avatar.gif in Resources */ = {isa = PBXBuildFile; fileRef = 2A837954158BE33200F7BF66 /* profile-avatar.gif */; };
		2A86BE2F158AC51B009EFFC9 /* UIKit.framework in Frameworks */ = {isa = PBXBuildFile; fileRef = 2A86BE2E158AC51B009EFFC9 /* UIKit.framework */; };
		2A86BE31158AC51B009EFFC9 /* Foundation.framework in Frameworks */ = {isa = PBXBuildFile; fileRef = 2A86BE30158AC51B009EFFC9 /* Foundation.framework */; };
		2A86BE33158AC51B009EFFC9 /* CoreGraphics.framework in Frameworks */ = {isa = PBXBuildFile; fileRef = 2A86BE32158AC51B009EFFC9 /* CoreGraphics.framework */; };
		2A86BE39158AC51B009EFFC9 /* InfoPlist.strings in Resources */ = {isa = PBXBuildFile; fileRef = 2A86BE37158AC51B009EFFC9 /* InfoPlist.strings */; };
		2A86BE3B158AC51B009EFFC9 /* main.m in Sources */ = {isa = PBXBuildFile; fileRef = 2A86BE3A158AC51B009EFFC9 /* main.m */; };
		2A86BE3F158AC51B009EFFC9 /* AppDelegate.m in Sources */ = {isa = PBXBuildFile; fileRef = 2A86BE3E158AC51B009EFFC9 /* AppDelegate.m */; };
		2A86BE42158AC51B009EFFC9 /* MainStoryboard.storyboard in Resources */ = {isa = PBXBuildFile; fileRef = 2A86BE40158AC51B009EFFC9 /* MainStoryboard.storyboard */; };
		2A86BE45158AC51B009EFFC9 /* ViewController.m in Sources */ = {isa = PBXBuildFile; fileRef = 2A86BE44158AC51B009EFFC9 /* ViewController.m */; };
		2A86BE4D158AC51B009EFFC9 /* SenTestingKit.framework in Frameworks */ = {isa = PBXBuildFile; fileRef = 2A86BE4C158AC51B009EFFC9 /* SenTestingKit.framework */; };
		2A86BE4E158AC51B009EFFC9 /* UIKit.framework in Frameworks */ = {isa = PBXBuildFile; fileRef = 2A86BE2E158AC51B009EFFC9 /* UIKit.framework */; };
		2A86BE4F158AC51B009EFFC9 /* Foundation.framework in Frameworks */ = {isa = PBXBuildFile; fileRef = 2A86BE30158AC51B009EFFC9 /* Foundation.framework */; };
		2A86BE57158AC51B009EFFC9 /* InfoPlist.strings in Resources */ = {isa = PBXBuildFile; fileRef = 2A86BE55158AC51B009EFFC9 /* InfoPlist.strings */; };
		2A86BE5A158AC51B009EFFC9 /* RealTimeLifeTests.m in Sources */ = {isa = PBXBuildFile; fileRef = 2A86BE59158AC51B009EFFC9 /* RealTimeLifeTests.m */; };
		2A86BE64158AC662009EFFC9 /* MapKit.framework in Frameworks */ = {isa = PBXBuildFile; fileRef = 2A86BE63158AC662009EFFC9 /* MapKit.framework */; };
		2A86BE68158ACED2009EFFC9 /* MyAnnotation.m in Sources */ = {isa = PBXBuildFile; fileRef = 2A86BE67158ACED2009EFFC9 /* MyAnnotation.m */; };
		2AF44E54158C105300DEBE0B /* DetailController.m in Sources */ = {isa = PBXBuildFile; fileRef = 2AF44E52158C105300DEBE0B /* DetailController.m */; };
		2AF44E55158C105300DEBE0B /* DetailController.xib in Resources */ = {isa = PBXBuildFile; fileRef = 2AF44E53158C105300DEBE0B /* DetailController.xib */; };
/* End PBXBuildFile section */

/* Begin PBXContainerItemProxy section */
		2A86BE50158AC51B009EFFC9 /* PBXContainerItemProxy */ = {
			isa = PBXContainerItemProxy;
			containerPortal = 2A86BE21158AC51B009EFFC9 /* Project object */;
			proxyType = 1;
			remoteGlobalIDString = 2A86BE29158AC51B009EFFC9;
			remoteInfo = RealTimeLife;
		};
/* End PBXContainerItemProxy section */

/* Begin PBXFileReference section */
		2A837950158BE0CD00F7BF66 /* event.png */ = {isa = PBXFileReference; lastKnownFileType = image.png; path = event.png; sourceTree = "<group>"; };
		2A837954158BE33200F7BF66 /* profile-avatar.gif */ = {isa = PBXFileReference; lastKnownFileType = image.gif; path = "profile-avatar.gif"; sourceTree = "<group>"; };
		2A86BE2A158AC51B009EFFC9 /* RealTimeLife.app */ = {isa = PBXFileReference; explicitFileType = wrapper.application; includeInIndex = 0; path = RealTimeLife.app; sourceTree = BUILT_PRODUCTS_DIR; };
		2A86BE2E158AC51B009EFFC9 /* UIKit.framework */ = {isa = PBXFileReference; lastKnownFileType = wrapper.framework; name = UIKit.framework; path = System/Library/Frameworks/UIKit.framework; sourceTree = SDKROOT; };
		2A86BE30158AC51B009EFFC9 /* Foundation.framework */ = {isa = PBXFileReference; lastKnownFileType = wrapper.framework; name = Foundation.framework; path = System/Library/Frameworks/Foundation.framework; sourceTree = SDKROOT; };
		2A86BE32158AC51B009EFFC9 /* CoreGraphics.framework */ = {isa = PBXFileReference; lastKnownFileType = wrapper.framework; name = CoreGraphics.framework; path = System/Library/Frameworks/CoreGraphics.framework; sourceTree = SDKROOT; };
		2A86BE36158AC51B009EFFC9 /* RealTimeLife-Info.plist */ = {isa = PBXFileReference; lastKnownFileType = text.plist.xml; path = "RealTimeLife-Info.plist"; sourceTree = "<group>"; };
		2A86BE38158AC51B009EFFC9 /* en */ = {isa = PBXFileReference; lastKnownFileType = text.plist.strings; name = en; path = en.lproj/InfoPlist.strings; sourceTree = "<group>"; };
		2A86BE3A158AC51B009EFFC9 /* main.m */ = {isa = PBXFileReference; lastKnownFileType = sourcecode.c.objc; path = main.m; sourceTree = "<group>"; };
		2A86BE3C158AC51B009EFFC9 /* RealTimeLife-Prefix.pch */ = {isa = PBXFileReference; lastKnownFileType = sourcecode.c.h; path = "RealTimeLife-Prefix.pch"; sourceTree = "<group>"; };
		2A86BE3D158AC51B009EFFC9 /* AppDelegate.h */ = {isa = PBXFileReference; lastKnownFileType = sourcecode.c.h; path = AppDelegate.h; sourceTree = "<group>"; };
		2A86BE3E158AC51B009EFFC9 /* AppDelegate.m */ = {isa = PBXFileReference; lastKnownFileType = sourcecode.c.objc; path = AppDelegate.m; sourceTree = "<group>"; };
		2A86BE41158AC51B009EFFC9 /* en */ = {isa = PBXFileReference; lastKnownFileType = file.storyboard; name = en; path = en.lproj/MainStoryboard.storyboard; sourceTree = "<group>"; };
		2A86BE43158AC51B009EFFC9 /* ViewController.h */ = {isa = PBXFileReference; lastKnownFileType = sourcecode.c.h; path = ViewController.h; sourceTree = "<group>"; };
		2A86BE44158AC51B009EFFC9 /* ViewController.m */ = {isa = PBXFileReference; lastKnownFileType = sourcecode.c.objc; path = ViewController.m; sourceTree = "<group>"; };
		2A86BE4B158AC51B009EFFC9 /* RealTimeLifeTests.octest */ = {isa = PBXFileReference; explicitFileType = wrapper.cfbundle; includeInIndex = 0; path = RealTimeLifeTests.octest; sourceTree = BUILT_PRODUCTS_DIR; };
		2A86BE4C158AC51B009EFFC9 /* SenTestingKit.framework */ = {isa = PBXFileReference; lastKnownFileType = wrapper.framework; name = SenTestingKit.framework; path = Library/Frameworks/SenTestingKit.framework; sourceTree = DEVELOPER_DIR; };
		2A86BE54158AC51B009EFFC9 /* RealTimeLifeTests-Info.plist */ = {isa = PBXFileReference; lastKnownFileType = text.plist.xml; path = "RealTimeLifeTests-Info.plist"; sourceTree = "<group>"; };
		2A86BE56158AC51B009EFFC9 /* en */ = {isa = PBXFileReference; lastKnownFileType = text.plist.strings; name = en; path = en.lproj/InfoPlist.strings; sourceTree = "<group>"; };
		2A86BE58158AC51B009EFFC9 /* RealTimeLifeTests.h */ = {isa = PBXFileReference; lastKnownFileType = sourcecode.c.h; path = RealTimeLifeTests.h; sourceTree = "<group>"; };
		2A86BE59158AC51B009EFFC9 /* RealTimeLifeTests.m */ = {isa = PBXFileReference; lastKnownFileType = sourcecode.c.objc; path = RealTimeLifeTests.m; sourceTree = "<group>"; };
		2A86BE63158AC662009EFFC9 /* MapKit.framework */ = {isa = PBXFileReference; lastKnownFileType = wrapper.framework; name = MapKit.framework; path = System/Library/Frameworks/MapKit.framework; sourceTree = SDKROOT; };
		2A86BE66158ACED2009EFFC9 /* MyAnnotation.h */ = {isa = PBXFileReference; fileEncoding = 4; lastKnownFileType = sourcecode.c.h; path = MyAnnotation.h; sourceTree = "<group>"; };
		2A86BE67158ACED2009EFFC9 /* MyAnnotation.m */ = {isa = PBXFileReference; fileEncoding = 4; lastKnownFileType = sourcecode.c.objc; path = MyAnnotation.m; sourceTree = "<group>"; };
		2AF44E51158C105300DEBE0B /* DetailController.h */ = {isa = PBXFileReference; fileEncoding = 4; lastKnownFileType = sourcecode.c.h; path = DetailController.h; sourceTree = "<group>"; };
		2AF44E52158C105300DEBE0B /* DetailController.m */ = {isa = PBXFileReference; fileEncoding = 4; lastKnownFileType = sourcecode.c.objc; path = DetailController.m; sourceTree = "<group>"; };
		2AF44E53158C105300DEBE0B /* DetailController.xib */ = {isa = PBXFileReference; fileEncoding = 4; lastKnownFileType = file.xib; path = DetailController.xib; sourceTree = "<group>"; };
/* End PBXFileReference section */

/* Begin PBXFrameworksBuildPhase section */
		2A86BE27158AC51B009EFFC9 /* Frameworks */ = {
			isa = PBXFrameworksBuildPhase;
			buildActionMask = 2147483647;
			files = (
				2A86BE64158AC662009EFFC9 /* MapKit.framework in Frameworks */,
				2A86BE2F158AC51B009EFFC9 /* UIKit.framework in Frameworks */,
				2A86BE31158AC51B009EFFC9 /* Foundation.framework in Frameworks */,
				2A86BE33158AC51B009EFFC9 /* CoreGraphics.framework in Frameworks */,
			);
			runOnlyForDeploymentPostprocessing = 0;
		};
		2A86BE47158AC51B009EFFC9 /* Frameworks */ = {
			isa = PBXFrameworksBuildPhase;
			buildActionMask = 2147483647;
			files = (
				2A86BE4D158AC51B009EFFC9 /* SenTestingKit.framework in Frameworks */,
				2A86BE4E158AC51B009EFFC9 /* UIKit.framework in Frameworks */,
				2A86BE4F158AC51B009EFFC9 /* Foundation.framework in Frameworks */,
			);
			runOnlyForDeploymentPostprocessing = 0;
		};
/* End PBXFrameworksBuildPhase section */

/* Begin PBXGroup section */
		2A78AE64158AE6A9004C7DA3 /* resources */ = {
			isa = PBXGroup;
			children = (
				2A86BE40158AC51B009EFFC9 /* MainStoryboard.storyboard */,
				2A837954158BE33200F7BF66 /* profile-avatar.gif */,
				2A837950158BE0CD00F7BF66 /* event.png */,
			);
			name = resources;
			sourceTree = "<group>";
		};
		2A86BE1F158AC51B009EFFC9 = {
			isa = PBXGroup;
			children = (
				2A86BE63158AC662009EFFC9 /* MapKit.framework */,
				2A86BE34158AC51B009EFFC9 /* RealTimeLife */,
				2A86BE52158AC51B009EFFC9 /* RealTimeLifeTests */,
				2A86BE2D158AC51B009EFFC9 /* Frameworks */,
				2A86BE2B158AC51B009EFFC9 /* Products */,
			);
			sourceTree = "<group>";
		};
		2A86BE2B158AC51B009EFFC9 /* Products */ = {
			isa = PBXGroup;
			children = (
				2A86BE2A158AC51B009EFFC9 /* RealTimeLife.app */,
				2A86BE4B158AC51B009EFFC9 /* RealTimeLifeTests.octest */,
			);
			name = Products;
			sourceTree = "<group>";
		};
		2A86BE2D158AC51B009EFFC9 /* Frameworks */ = {
			isa = PBXGroup;
			children = (
				2A86BE2E158AC51B009EFFC9 /* UIKit.framework */,
				2A86BE30158AC51B009EFFC9 /* Foundation.framework */,
				2A86BE32158AC51B009EFFC9 /* CoreGraphics.framework */,
				2A86BE4C158AC51B009EFFC9 /* SenTestingKit.framework */,
			);
			name = Frameworks;
			sourceTree = "<group>";
		};
		2A86BE34158AC51B009EFFC9 /* RealTimeLife */ = {
			isa = PBXGroup;
			children = (
				2AF44E50158C103000DEBE0B /* DetailsController */,
				2AF44E4F158BFBC300DEBE0B /* MainController */,
				2A78AE64158AE6A9004C7DA3 /* resources */,
				2A86BE65158ACEAC009EFFC9 /* classes */,
				2A86BE35158AC51B009EFFC9 /* Supporting Files */,
			);
			path = RealTimeLife;
			sourceTree = "<group>";
		};
		2A86BE35158AC51B009EFFC9 /* Supporting Files */ = {
			isa = PBXGroup;
			children = (
				2A86BE36158AC51B009EFFC9 /* RealTimeLife-Info.plist */,
				2A86BE37158AC51B009EFFC9 /* InfoPlist.strings */,
				2A86BE3A158AC51B009EFFC9 /* main.m */,
				2A86BE3C158AC51B009EFFC9 /* RealTimeLife-Prefix.pch */,
			);
			name = "Supporting Files";
			sourceTree = "<group>";
		};
		2A86BE52158AC51B009EFFC9 /* RealTimeLifeTests */ = {
			isa = PBXGroup;
			children = (
				2A86BE58158AC51B009EFFC9 /* RealTimeLifeTests.h */,
				2A86BE59158AC51B009EFFC9 /* RealTimeLifeTests.m */,
				2A86BE53158AC51B009EFFC9 /* Supporting Files */,
			);
			path = RealTimeLifeTests;
			sourceTree = "<group>";
		};
		2A86BE53158AC51B009EFFC9 /* Supporting Files */ = {
			isa = PBXGroup;
			children = (
				2A86BE54158AC51B009EFFC9 /* RealTimeLifeTests-Info.plist */,
				2A86BE55158AC51B009EFFC9 /* InfoPlist.strings */,
			);
			name = "Supporting Files";
			sourceTree = "<group>";
		};
		2A86BE65158ACEAC009EFFC9 /* classes */ = {
			isa = PBXGroup;
			children = (
				2A86BE66158ACED2009EFFC9 /* MyAnnotation.h */,
				2A86BE67158ACED2009EFFC9 /* MyAnnotation.m */,
			);
			name = classes;
			sourceTree = "<group>";
		};
		2AF44E4F158BFBC300DEBE0B /* MainController */ = {
			isa = PBXGroup;
			children = (
				2A86BE3D158AC51B009EFFC9 /* AppDelegate.h */,
				2A86BE3E158AC51B009EFFC9 /* AppDelegate.m */,
				2A86BE43158AC51B009EFFC9 /* ViewController.h */,
				2A86BE44158AC51B009EFFC9 /* ViewController.m */,
			);
			name = MainController;
			sourceTree = "<group>";
		};
		2AF44E50158C103000DEBE0B /* DetailsController */ = {
			isa = PBXGroup;
			children = (
				2AF44E51158C105300DEBE0B /* DetailController.h */,
				2AF44E52158C105300DEBE0B /* DetailController.m */,
				2AF44E53158C105300DEBE0B /* DetailController.xib */,
			);
			name = DetailsController;
			sourceTree = "<group>";
		};
/* End PBXGroup section */

/* Begin PBXNativeTarget section */
		2A86BE29158AC51B009EFFC9 /* RealTimeLife */ = {
			isa = PBXNativeTarget;
			buildConfigurationList = 2A86BE5D158AC51B009EFFC9 /* Build configuration list for PBXNativeTarget "RealTimeLife" */;
			buildPhases = (
				2A86BE26158AC51B009EFFC9 /* Sources */,
				2A86BE27158AC51B009EFFC9 /* Frameworks */,
				2A86BE28158AC51B009EFFC9 /* Resources */,
			);
			buildRules = (
			);
			dependencies = (
			);
			name = RealTimeLife;
			productName = RealTimeLife;
			productReference = 2A86BE2A158AC51B009EFFC9 /* RealTimeLife.app */;
			productType = "com.apple.product-type.application";
		};
		2A86BE4A158AC51B009EFFC9 /* RealTimeLifeTests */ = {
			isa = PBXNativeTarget;
			buildConfigurationList = 2A86BE60158AC51B009EFFC9 /* Build configuration list for PBXNativeTarget "RealTimeLifeTests" */;
			buildPhases = (
				2A86BE46158AC51B009EFFC9 /* Sources */,
				2A86BE47158AC51B009EFFC9 /* Frameworks */,
				2A86BE48158AC51B009EFFC9 /* Resources */,
				2A86BE49158AC51B009EFFC9 /* ShellScript */,
			);
			buildRules = (
			);
			dependencies = (
				2A86BE51158AC51B009EFFC9 /* PBXTargetDependency */,
			);
			name = RealTimeLifeTests;
			productName = RealTimeLifeTests;
			productReference = 2A86BE4B158AC51B009EFFC9 /* RealTimeLifeTests.octest */;
			productType = "com.apple.product-type.bundle";
		};
/* End PBXNativeTarget section */

/* Begin PBXProject section */
		2A86BE21158AC51B009EFFC9 /* Project object */ = {
			isa = PBXProject;
			attributes = {
				LastUpgradeCheck = 0430;
			};
			buildConfigurationList = 2A86BE24158AC51B009EFFC9 /* Build configuration list for PBXProject "RealTimeLife" */;
			compatibilityVersion = "Xcode 3.2";
			developmentRegion = English;
			hasScannedForEncodings = 0;
			knownRegions = (
				en,
			);
			mainGroup = 2A86BE1F158AC51B009EFFC9;
			productRefGroup = 2A86BE2B158AC51B009EFFC9 /* Products */;
			projectDirPath = "";
			projectRoot = "";
			targets = (
				2A86BE29158AC51B009EFFC9 /* RealTimeLife */,
				2A86BE4A158AC51B009EFFC9 /* RealTimeLifeTests */,
			);
		};
/* End PBXProject section */

/* Begin PBXResourcesBuildPhase section */
		2A86BE28158AC51B009EFFC9 /* Resources */ = {
			isa = PBXResourcesBuildPhase;
			buildActionMask = 2147483647;
			files = (
				2A86BE39158AC51B009EFFC9 /* InfoPlist.strings in Resources */,
				2A86BE42158AC51B009EFFC9 /* MainStoryboard.storyboard in Resources */,
				2A837951158BE0CD00F7BF66 /* event.png in Resources */,
				2A837955158BE33200F7BF66 /* profile-avatar.gif in Resources */,
				2AF44E55158C105300DEBE0B /* DetailController.xib in Resources */,
			);
			runOnlyForDeploymentPostprocessing = 0;
		};
		2A86BE48158AC51B009EFFC9 /* Resources */ = {
			isa = PBXResourcesBuildPhase;
			buildActionMask = 2147483647;
			files = (
				2A86BE57158AC51B009EFFC9 /* InfoPlist.strings in Resources */,
			);
			runOnlyForDeploymentPostprocessing = 0;
		};
/* End PBXResourcesBuildPhase section */

/* Begin PBXShellScriptBuildPhase section */
		2A86BE49158AC51B009EFFC9 /* ShellScript */ = {
			isa = PBXShellScriptBuildPhase;
			buildActionMask = 2147483647;
			files = (
			);
			inputPaths = (
			);
			outputPaths = (
			);
			runOnlyForDeploymentPostprocessing = 0;
			shellPath = /bin/sh;
			shellScript = "# Run the unit tests in this test bundle.\n\"${SYSTEM_DEVELOPER_DIR}/Tools/RunUnitTests\"\n";
		};
/* End PBXShellScriptBuildPhase section */

/* Begin PBXSourcesBuildPhase section */
		2A86BE26158AC51B009EFFC9 /* Sources */ = {
			isa = PBXSourcesBuildPhase;
			buildActionMask = 2147483647;
			files = (
				2A86BE3B158AC51B009EFFC9 /* main.m in Sources */,
				2A86BE3F158AC51B009EFFC9 /* AppDelegate.m in Sources */,
				2A86BE45158AC51B009EFFC9 /* ViewController.m in Sources */,
				2A86BE68158ACED2009EFFC9 /* MyAnnotation.m in Sources */,
				2AF44E54158C105300DEBE0B /* DetailController.m in Sources */,
			);
			runOnlyForDeploymentPostprocessing = 0;
		};
		2A86BE46158AC51B009EFFC9 /* Sources */ = {
			isa = PBXSourcesBuildPhase;
			buildActionMask = 2147483647;
			files = (
				2A86BE5A158AC51B009EFFC9 /* RealTimeLifeTests.m in Sources */,
			);
			runOnlyForDeploymentPostprocessing = 0;
		};
/* End PBXSourcesBuildPhase section */

/* Begin PBXTargetDependency section */
		2A86BE51158AC51B009EFFC9 /* PBXTargetDependency */ = {
			isa = PBXTargetDependency;
			target = 2A86BE29158AC51B009EFFC9 /* RealTimeLife */;
			targetProxy = 2A86BE50158AC51B009EFFC9 /* PBXContainerItemProxy */;
		};
/* End PBXTargetDependency section */

/* Begin PBXVariantGroup section */
		2A86BE37158AC51B009EFFC9 /* InfoPlist.strings */ = {
			isa = PBXVariantGroup;
			children = (
				2A86BE38158AC51B009EFFC9 /* en */,
			);
			name = InfoPlist.strings;
			sourceTree = "<group>";
		};
		2A86BE40158AC51B009EFFC9 /* MainStoryboard.storyboard */ = {
			isa = PBXVariantGroup;
			children = (
				2A86BE41158AC51B009EFFC9 /* en */,
			);
			name = MainStoryboard.storyboard;
			sourceTree = "<group>";
		};
		2A86BE55158AC51B009EFFC9 /* InfoPlist.strings */ = {
			isa = PBXVariantGroup;
			children = (
				2A86BE56158AC51B009EFFC9 /* en */,
			);
			name = InfoPlist.strings;
			sourceTree = "<group>";
		};
/* End PBXVariantGroup section */

/* Begin XCBuildConfiguration section */
		2A86BE5B158AC51B009EFFC9 /* Debug */ = {
			isa = XCBuildConfiguration;
			buildSettings = {
				ALWAYS_SEARCH_USER_PATHS = NO;
				ARCHS = "$(ARCHS_STANDARD_32_BIT)";
				CLANG_ENABLE_OBJC_ARC = YES;
				"CODE_SIGN_IDENTITY[sdk=iphoneos*]" = "iPhone Developer";
				COPY_PHASE_STRIP = NO;
				GCC_C_LANGUAGE_STANDARD = gnu99;
				GCC_DYNAMIC_NO_PIC = NO;
				GCC_OPTIMIZATION_LEVEL = 0;
				GCC_PREPROCESSOR_DEFINITIONS = (
					"DEBUG=1",
					"$(inherited)",
				);
				GCC_SYMBOLS_PRIVATE_EXTERN = NO;
				GCC_VERSION = com.apple.compilers.llvm.clang.1_0;
				GCC_WARN_ABOUT_RETURN_TYPE = YES;
				GCC_WARN_UNINITIALIZED_AUTOS = YES;
				GCC_WARN_UNUSED_VARIABLE = YES;
				IPHONEOS_DEPLOYMENT_TARGET = 5.1;
				SDKROOT = iphoneos;
			};
			name = Debug;
		};
		2A86BE5C158AC51B009EFFC9 /* Release */ = {
			isa = XCBuildConfiguration;
			buildSettings = {
				ALWAYS_SEARCH_USER_PATHS = NO;
				ARCHS = "$(ARCHS_STANDARD_32_BIT)";
				CLANG_ENABLE_OBJC_ARC = YES;
				"CODE_SIGN_IDENTITY[sdk=iphoneos*]" = "iPhone Developer";
				COPY_PHASE_STRIP = YES;
				GCC_C_LANGUAGE_STANDARD = gnu99;
				GCC_VERSION = com.apple.compilers.llvm.clang.1_0;
				GCC_WARN_ABOUT_RETURN_TYPE = YES;
				GCC_WARN_UNINITIALIZED_AUTOS = YES;
				GCC_WARN_UNUSED_VARIABLE = YES;
				IPHONEOS_DEPLOYMENT_TARGET = 5.1;
				OTHER_CFLAGS = "-DNS_BLOCK_ASSERTIONS=1";
				SDKROOT = iphoneos;
				VALIDATE_PRODUCT = YES;
			};
			name = Release;
		};
		2A86BE5E158AC51B009EFFC9 /* Debug */ = {
			isa = XCBuildConfiguration;
			buildSettings = {
				GCC_PRECOMPILE_PREFIX_HEADER = YES;
				GCC_PREFIX_HEADER = "RealTimeLife/RealTimeLife-Prefix.pch";
				INFOPLIST_FILE = "RealTimeLife/RealTimeLife-Info.plist";
				PRODUCT_NAME = "$(TARGET_NAME)";
				WRAPPER_EXTENSION = app;
			};
			name = Debug;
		};
		2A86BE5F158AC51B009EFFC9 /* Release */ = {
			isa = XCBuildConfiguration;
			buildSettings = {
				GCC_PRECOMPILE_PREFIX_HEADER = YES;
				GCC_PREFIX_HEADER = "RealTimeLife/RealTimeLife-Prefix.pch";
				INFOPLIST_FILE = "RealTimeLife/RealTimeLife-Info.plist";
				PRODUCT_NAME = "$(TARGET_NAME)";
				WRAPPER_EXTENSION = app;
			};
			name = Release;
		};
		2A86BE61158AC51B009EFFC9 /* Debug */ = {
			isa = XCBuildConfiguration;
			buildSettings = {
				BUNDLE_LOADER = "$(BUILT_PRODUCTS_DIR)/RealTimeLife.app/RealTimeLife";
				FRAMEWORK_SEARCH_PATHS = (
					"$(SDKROOT)/Developer/Library/Frameworks",
					"$(DEVELOPER_LIBRARY_DIR)/Frameworks",
				);
				GCC_PRECOMPILE_PREFIX_HEADER = YES;
				GCC_PREFIX_HEADER = "RealTimeLife/RealTimeLife-Prefix.pch";
				INFOPLIST_FILE = "RealTimeLifeTests/RealTimeLifeTests-Info.plist";
				PRODUCT_NAME = "$(TARGET_NAME)";
				TEST_HOST = "$(BUNDLE_LOADER)";
				WRAPPER_EXTENSION = octest;
			};
			name = Debug;
		};
		2A86BE62158AC51B009EFFC9 /* Release */ = {
			isa = XCBuildConfiguration;
			buildSettings = {
				BUNDLE_LOADER = "$(BUILT_PRODUCTS_DIR)/RealTimeLife.app/RealTimeLife";
				FRAMEWORK_SEARCH_PATHS = (
					"$(SDKROOT)/Developer/Library/Frameworks",
					"$(DEVELOPER_LIBRARY_DIR)/Frameworks",
				);
				GCC_PRECOMPILE_PREFIX_HEADER = YES;
				GCC_PREFIX_HEADER = "RealTimeLife/RealTimeLife-Prefix.pch";
				INFOPLIST_FILE = "RealTimeLifeTests/RealTimeLifeTests-Info.plist";
				PRODUCT_NAME = "$(TARGET_NAME)";
				TEST_HOST = "$(BUNDLE_LOADER)";
				WRAPPER_EXTENSION = octest;
			};
			name = Release;
		};
/* End XCBuildConfiguration section */

/* Begin XCConfigurationList section */
		2A86BE24158AC51B009EFFC9 /* Build configuration list for PBXProject "RealTimeLife" */ = {
			isa = XCConfigurationList;
			buildConfigurations = (
				2A86BE5B158AC51B009EFFC9 /* Debug */,
				2A86BE5C158AC51B009EFFC9 /* Release */,
			);
			defaultConfigurationIsVisible = 0;
			defaultConfigurationName = Release;
		};
		2A86BE5D158AC51B009EFFC9 /* Build configuration list for PBXNativeTarget "RealTimeLife" */ = {
			isa = XCConfigurationList;
			buildConfigurations = (
				2A86BE5E158AC51B009EFFC9 /* Debug */,
				2A86BE5F158AC51B009EFFC9 /* Release */,
			);
			defaultConfigurationIsVisible = 0;
			defaultConfigurationName = Release;
		};
		2A86BE60158AC51B009EFFC9 /* Build configuration list for PBXNativeTarget "RealTimeLifeTests" */ = {
			isa = XCConfigurationList;
			buildConfigurations = (
				2A86BE61158AC51B009EFFC9 /* Debug */,
				2A86BE62158AC51B009EFFC9 /* Release */,
			);
			defaultConfigurationIsVisible = 0;
			defaultConfigurationName = Release;
		};
/* End XCConfigurationList section */
	};
	rootObject = 2A86BE21158AC51B009EFFC9 /* Project object */;
}
