// !$*UTF8*$!
{
	archiveVersion = 1;
	classes = {
	};
	objectVersion = 46;
	objects = {

/* Begin PBXBuildFile section */
		66D948F1158D34F6002493E4 /* UIKit.framework in Frameworks */ = {isa = PBXBuildFile; fileRef = 66D948F0158D34F6002493E4 /* UIKit.framework */; };
		66D948F3158D34F6002493E4 /* Foundation.framework in Frameworks */ = {isa = PBXBuildFile; fileRef = 66D948F2158D34F6002493E4 /* Foundation.framework */; };
		66D948F5158D34F6002493E4 /* CoreGraphics.framework in Frameworks */ = {isa = PBXBuildFile; fileRef = 66D948F4158D34F6002493E4 /* CoreGraphics.framework */; };
		66D948FB158D34F6002493E4 /* InfoPlist.strings in Resources */ = {isa = PBXBuildFile; fileRef = 66D948F9158D34F6002493E4 /* InfoPlist.strings */; };
		66D948FD158D34F6002493E4 /* main.m in Sources */ = {isa = PBXBuildFile; fileRef = 66D948FC158D34F6002493E4 /* main.m */; };
		66D94901158D34F6002493E4 /* AppDelegate.m in Sources */ = {isa = PBXBuildFile; fileRef = 66D94900158D34F6002493E4 /* AppDelegate.m */; };
		66D94904158D34F6002493E4 /* ViewController.m in Sources */ = {isa = PBXBuildFile; fileRef = 66D94903158D34F6002493E4 /* ViewController.m */; };
		66D94907158D34F6002493E4 /* ViewController_iPhone.xib in Resources */ = {isa = PBXBuildFile; fileRef = 66D94905158D34F6002493E4 /* ViewController_iPhone.xib */; };
		66D94916158D3617002493E4 /* MapViewController.m in Sources */ = {isa = PBXBuildFile; fileRef = 66D94914158D3617002493E4 /* MapViewController.m */; };
		66D94917158D3617002493E4 /* MapViewController.xib in Resources */ = {isa = PBXBuildFile; fileRef = 66D94915158D3617002493E4 /* MapViewController.xib */; };
		66D9495B158D3697002493E4 /* Annotation.m in Sources */ = {isa = PBXBuildFile; fileRef = 66D9495A158D3697002493E4 /* Annotation.m */; };
		66D94960158D36E4002493E4 /* DetailEventViewController.m in Sources */ = {isa = PBXBuildFile; fileRef = 66D9495E158D36E4002493E4 /* DetailEventViewController.m */; };
		66D94961158D36E4002493E4 /* DetailEventViewController.xib in Resources */ = {isa = PBXBuildFile; fileRef = 66D9495F158D36E4002493E4 /* DetailEventViewController.xib */; };
		66D94966158D374C002493E4 /* event.png in Resources */ = {isa = PBXBuildFile; fileRef = 66D94964158D374C002493E4 /* event.png */; };
		66D94967158D374C002493E4 /* profile-avatar.gif in Resources */ = {isa = PBXBuildFile; fileRef = 66D94965158D374C002493E4 /* profile-avatar.gif */; };
		66D94969158D3836002493E4 /* MapKit.framework in Frameworks */ = {isa = PBXBuildFile; fileRef = 66D94968158D3836002493E4 /* MapKit.framework */; };
/* End PBXBuildFile section */

/* Begin PBXFileReference section */
		66D948EC158D34F6002493E4 /* Real Time Life.app */ = {isa = PBXFileReference; explicitFileType = wrapper.application; includeInIndex = 0; path = "Real Time Life.app"; sourceTree = BUILT_PRODUCTS_DIR; };
		66D948F0158D34F6002493E4 /* UIKit.framework */ = {isa = PBXFileReference; lastKnownFileType = wrapper.framework; name = UIKit.framework; path = System/Library/Frameworks/UIKit.framework; sourceTree = SDKROOT; };
		66D948F2158D34F6002493E4 /* Foundation.framework */ = {isa = PBXFileReference; lastKnownFileType = wrapper.framework; name = Foundation.framework; path = System/Library/Frameworks/Foundation.framework; sourceTree = SDKROOT; };
		66D948F4158D34F6002493E4 /* CoreGraphics.framework */ = {isa = PBXFileReference; lastKnownFileType = wrapper.framework; name = CoreGraphics.framework; path = System/Library/Frameworks/CoreGraphics.framework; sourceTree = SDKROOT; };
		66D948F8158D34F6002493E4 /* Real Time Life-Info.plist */ = {isa = PBXFileReference; lastKnownFileType = text.plist.xml; path = "Real Time Life-Info.plist"; sourceTree = "<group>"; };
		66D948FA158D34F6002493E4 /* en */ = {isa = PBXFileReference; lastKnownFileType = text.plist.strings; name = en; path = en.lproj/InfoPlist.strings; sourceTree = "<group>"; };
		66D948FC158D34F6002493E4 /* main.m */ = {isa = PBXFileReference; lastKnownFileType = sourcecode.c.objc; path = main.m; sourceTree = "<group>"; };
		66D948FE158D34F6002493E4 /* Real Time Life-Prefix.pch */ = {isa = PBXFileReference; lastKnownFileType = sourcecode.c.h; path = "Real Time Life-Prefix.pch"; sourceTree = "<group>"; };
		66D948FF158D34F6002493E4 /* AppDelegate.h */ = {isa = PBXFileReference; lastKnownFileType = sourcecode.c.h; path = AppDelegate.h; sourceTree = "<group>"; };
		66D94900158D34F6002493E4 /* AppDelegate.m */ = {isa = PBXFileReference; lastKnownFileType = sourcecode.c.objc; path = AppDelegate.m; sourceTree = "<group>"; };
		66D94902158D34F6002493E4 /* ViewController.h */ = {isa = PBXFileReference; lastKnownFileType = sourcecode.c.h; path = ViewController.h; sourceTree = "<group>"; };
		66D94903158D34F6002493E4 /* ViewController.m */ = {isa = PBXFileReference; lastKnownFileType = sourcecode.c.objc; path = ViewController.m; sourceTree = "<group>"; };
		66D94906158D34F6002493E4 /* en */ = {isa = PBXFileReference; lastKnownFileType = file.xib; name = en; path = en.lproj/ViewController_iPhone.xib; sourceTree = "<group>"; };
		66D94913158D3617002493E4 /* MapViewController.h */ = {isa = PBXFileReference; fileEncoding = 4; lastKnownFileType = sourcecode.c.h; path = MapViewController.h; sourceTree = "<group>"; };
		66D94914158D3617002493E4 /* MapViewController.m */ = {isa = PBXFileReference; fileEncoding = 4; lastKnownFileType = sourcecode.c.objc; path = MapViewController.m; sourceTree = "<group>"; };
		66D94915158D3617002493E4 /* MapViewController.xib */ = {isa = PBXFileReference; fileEncoding = 4; lastKnownFileType = file.xib; path = MapViewController.xib; sourceTree = "<group>"; };
		66D94959158D3697002493E4 /* Annotation.h */ = {isa = PBXFileReference; fileEncoding = 4; lastKnownFileType = sourcecode.c.h; path = Annotation.h; sourceTree = "<group>"; };
		66D9495A158D3697002493E4 /* Annotation.m */ = {isa = PBXFileReference; fileEncoding = 4; lastKnownFileType = sourcecode.c.objc; path = Annotation.m; sourceTree = "<group>"; };
		66D9495D158D36E4002493E4 /* DetailEventViewController.h */ = {isa = PBXFileReference; fileEncoding = 4; lastKnownFileType = sourcecode.c.h; path = DetailEventViewController.h; sourceTree = "<group>"; };
		66D9495E158D36E4002493E4 /* DetailEventViewController.m */ = {isa = PBXFileReference; fileEncoding = 4; lastKnownFileType = sourcecode.c.objc; path = DetailEventViewController.m; sourceTree = "<group>"; };
		66D9495F158D36E4002493E4 /* DetailEventViewController.xib */ = {isa = PBXFileReference; fileEncoding = 4; lastKnownFileType = file.xib; path = DetailEventViewController.xib; sourceTree = "<group>"; };
		66D94964158D374C002493E4 /* event.png */ = {isa = PBXFileReference; lastKnownFileType = image.png; name = event.png; path = img/event.png; sourceTree = "<group>"; };
		66D94965158D374C002493E4 /* profile-avatar.gif */ = {isa = PBXFileReference; lastKnownFileType = image.gif; name = "profile-avatar.gif"; path = "img/profile-avatar.gif"; sourceTree = "<group>"; };
		66D94968158D3836002493E4 /* MapKit.framework */ = {isa = PBXFileReference; lastKnownFileType = wrapper.framework; name = MapKit.framework; path = System/Library/Frameworks/MapKit.framework; sourceTree = SDKROOT; };
/* End PBXFileReference section */

/* Begin PBXFrameworksBuildPhase section */
		66D948E9158D34F6002493E4 /* Frameworks */ = {
			isa = PBXFrameworksBuildPhase;
			buildActionMask = 2147483647;
			files = (
				66D94969158D3836002493E4 /* MapKit.framework in Frameworks */,
				66D948F1158D34F6002493E4 /* UIKit.framework in Frameworks */,
				66D948F3158D34F6002493E4 /* Foundation.framework in Frameworks */,
				66D948F5158D34F6002493E4 /* CoreGraphics.framework in Frameworks */,
			);
			runOnlyForDeploymentPostprocessing = 0;
		};
/* End PBXFrameworksBuildPhase section */

/* Begin PBXGroup section */
		66D948E1158D34F6002493E4 = {
			isa = PBXGroup;
			children = (
				66D94968158D3836002493E4 /* MapKit.framework */,
				66D948F6158D34F6002493E4 /* Real Time Life */,
				66D948EF158D34F6002493E4 /* Frameworks */,
				66D948ED158D34F6002493E4 /* Products */,
			);
			sourceTree = "<group>";
		};
		66D948ED158D34F6002493E4 /* Products */ = {
			isa = PBXGroup;
			children = (
				66D948EC158D34F6002493E4 /* Real Time Life.app */,
			);
			name = Products;
			sourceTree = "<group>";
		};
		66D948EF158D34F6002493E4 /* Frameworks */ = {
			isa = PBXGroup;
			children = (
				66D948F0158D34F6002493E4 /* UIKit.framework */,
				66D948F2158D34F6002493E4 /* Foundation.framework */,
				66D948F4158D34F6002493E4 /* CoreGraphics.framework */,
			);
			name = Frameworks;
			sourceTree = "<group>";
		};
		66D948F6158D34F6002493E4 /* Real Time Life */ = {
			isa = PBXGroup;
			children = (
				66D9495C158D36AA002493E4 /* Detail Event Controller */,
				66D94918158D3624002493E4 /* Map Controller */,
				66D94912158D35B5002493E4 /* Classes */,
				66D94911158D358F002493E4 /* Main Controller */,
				66D94910158D3570002493E4 /* Resources */,
				66D948F7158D34F6002493E4 /* Supporting Files */,
			);
			path = "Real Time Life";
			sourceTree = "<group>";
		};
		66D948F7158D34F6002493E4 /* Supporting Files */ = {
			isa = PBXGroup;
			children = (
				66D948F8158D34F6002493E4 /* Real Time Life-Info.plist */,
				66D948F9158D34F6002493E4 /* InfoPlist.strings */,
				66D948FC158D34F6002493E4 /* main.m */,
				66D948FE158D34F6002493E4 /* Real Time Life-Prefix.pch */,
			);
			name = "Supporting Files";
			sourceTree = "<group>";
		};
		66D94910158D3570002493E4 /* Resources */ = {
			isa = PBXGroup;
			children = (
				66D94963158D3700002493E4 /* img */,
				66D94962158D36F8002493E4 /* xib */,
			);
			name = Resources;
			sourceTree = "<group>";
		};
		66D94911158D358F002493E4 /* Main Controller */ = {
			isa = PBXGroup;
			children = (
				66D948FF158D34F6002493E4 /* AppDelegate.h */,
				66D94900158D34F6002493E4 /* AppDelegate.m */,
				66D94902158D34F6002493E4 /* ViewController.h */,
				66D94903158D34F6002493E4 /* ViewController.m */,
			);
			name = "Main Controller";
			sourceTree = "<group>";
		};
		66D94912158D35B5002493E4 /* Classes */ = {
			isa = PBXGroup;
			children = (
				66D94959158D3697002493E4 /* Annotation.h */,
				66D9495A158D3697002493E4 /* Annotation.m */,
			);
			name = Classes;
			sourceTree = "<group>";
		};
		66D94918158D3624002493E4 /* Map Controller */ = {
			isa = PBXGroup;
			children = (
				66D94913158D3617002493E4 /* MapViewController.h */,
				66D94914158D3617002493E4 /* MapViewController.m */,
			);
			name = "Map Controller";
			sourceTree = "<group>";
		};
		66D9495C158D36AA002493E4 /* Detail Event Controller */ = {
			isa = PBXGroup;
			children = (
				66D9495D158D36E4002493E4 /* DetailEventViewController.h */,
				66D9495E158D36E4002493E4 /* DetailEventViewController.m */,
			);
			name = "Detail Event Controller";
			sourceTree = "<group>";
		};
		66D94962158D36F8002493E4 /* xib */ = {
			isa = PBXGroup;
			children = (
				66D9495F158D36E4002493E4 /* DetailEventViewController.xib */,
				66D94905158D34F6002493E4 /* ViewController_iPhone.xib */,
				66D94915158D3617002493E4 /* MapViewController.xib */,
			);
			name = xib;
			sourceTree = "<group>";
		};
		66D94963158D3700002493E4 /* img */ = {
			isa = PBXGroup;
			children = (
				66D94964158D374C002493E4 /* event.png */,
				66D94965158D374C002493E4 /* profile-avatar.gif */,
			);
			name = img;
			sourceTree = "<group>";
		};
/* End PBXGroup section */

/* Begin PBXNativeTarget section */
		66D948EB158D34F6002493E4 /* Real Time Life */ = {
			isa = PBXNativeTarget;
			buildConfigurationList = 66D9490D158D34F6002493E4 /* Build configuration list for PBXNativeTarget "Real Time Life" */;
			buildPhases = (
				66D948E8158D34F6002493E4 /* Sources */,
				66D948E9158D34F6002493E4 /* Frameworks */,
				66D948EA158D34F6002493E4 /* Resources */,
			);
			buildRules = (
			);
			dependencies = (
			);
			name = "Real Time Life";
			productName = "Real Time Life";
			productReference = 66D948EC158D34F6002493E4 /* Real Time Life.app */;
			productType = "com.apple.product-type.application";
		};
/* End PBXNativeTarget section */

/* Begin PBXProject section */
		66D948E3158D34F6002493E4 /* Project object */ = {
			isa = PBXProject;
			attributes = {
				LastUpgradeCheck = 0430;
			};
			buildConfigurationList = 66D948E6158D34F6002493E4 /* Build configuration list for PBXProject "Real Time Life" */;
			compatibilityVersion = "Xcode 3.2";
			developmentRegion = English;
			hasScannedForEncodings = 0;
			knownRegions = (
				en,
			);
			mainGroup = 66D948E1158D34F6002493E4;
			productRefGroup = 66D948ED158D34F6002493E4 /* Products */;
			projectDirPath = "";
			projectRoot = "";
			targets = (
				66D948EB158D34F6002493E4 /* Real Time Life */,
			);
		};
/* End PBXProject section */

/* Begin PBXResourcesBuildPhase section */
		66D948EA158D34F6002493E4 /* Resources */ = {
			isa = PBXResourcesBuildPhase;
			buildActionMask = 2147483647;
			files = (
				66D948FB158D34F6002493E4 /* InfoPlist.strings in Resources */,
				66D94907158D34F6002493E4 /* ViewController_iPhone.xib in Resources */,
				66D94917158D3617002493E4 /* MapViewController.xib in Resources */,
				66D94961158D36E4002493E4 /* DetailEventViewController.xib in Resources */,
				66D94966158D374C002493E4 /* event.png in Resources */,
				66D94967158D374C002493E4 /* profile-avatar.gif in Resources */,
			);
			runOnlyForDeploymentPostprocessing = 0;
		};
/* End PBXResourcesBuildPhase section */

/* Begin PBXSourcesBuildPhase section */
		66D948E8158D34F6002493E4 /* Sources */ = {
			isa = PBXSourcesBuildPhase;
			buildActionMask = 2147483647;
			files = (
				66D948FD158D34F6002493E4 /* main.m in Sources */,
				66D94901158D34F6002493E4 /* AppDelegate.m in Sources */,
				66D94904158D34F6002493E4 /* ViewController.m in Sources */,
				66D94916158D3617002493E4 /* MapViewController.m in Sources */,
				66D9495B158D3697002493E4 /* Annotation.m in Sources */,
				66D94960158D36E4002493E4 /* DetailEventViewController.m in Sources */,
			);
			runOnlyForDeploymentPostprocessing = 0;
		};
/* End PBXSourcesBuildPhase section */

/* Begin PBXVariantGroup section */
		66D948F9158D34F6002493E4 /* InfoPlist.strings */ = {
			isa = PBXVariantGroup;
			children = (
				66D948FA158D34F6002493E4 /* en */,
			);
			name = InfoPlist.strings;
			sourceTree = "<group>";
		};
		66D94905158D34F6002493E4 /* ViewController_iPhone.xib */ = {
			isa = PBXVariantGroup;
			children = (
				66D94906158D34F6002493E4 /* en */,
			);
			name = ViewController_iPhone.xib;
			sourceTree = "<group>";
		};
/* End PBXVariantGroup section */

/* Begin XCBuildConfiguration section */
		66D9490B158D34F6002493E4 /* Debug */ = {
			isa = XCBuildConfiguration;
			buildSettings = {
				ALWAYS_SEARCH_USER_PATHS = NO;
				ARCHS = "$(ARCHS_STANDARD_32_BIT)";
				CLANG_ENABLE_OBJC_ARC = YES;
				"CODE_SIGN_IDENTITY[sdk=iphoneos*]" = "iPhone Developer";
				COPY_PHASE_STRIP = NO;
				GCC_C_LANGUAGE_STANDARD = gnu99;
				GCC_DYNAMIC_NO_PIC = NO;
				GCC_OPTIMIZATION_LEVEL = 0;
				GCC_PREPROCESSOR_DEFINITIONS = (
					"DEBUG=1",
					"$(inherited)",
				);
				GCC_SYMBOLS_PRIVATE_EXTERN = NO;
				GCC_VERSION = com.apple.compilers.llvm.clang.1_0;
				GCC_WARN_ABOUT_RETURN_TYPE = YES;
				GCC_WARN_UNINITIALIZED_AUTOS = YES;
				GCC_WARN_UNUSED_VARIABLE = YES;
				IPHONEOS_DEPLOYMENT_TARGET = 5.1;
				SDKROOT = iphoneos;
				TARGETED_DEVICE_FAMILY = "1,2";
			};
			name = Debug;
		};
		66D9490C158D34F6002493E4 /* Release */ = {
			isa = XCBuildConfiguration;
			buildSettings = {
				ALWAYS_SEARCH_USER_PATHS = NO;
				ARCHS = "$(ARCHS_STANDARD_32_BIT)";
				CLANG_ENABLE_OBJC_ARC = YES;
				"CODE_SIGN_IDENTITY[sdk=iphoneos*]" = "iPhone Developer";
				COPY_PHASE_STRIP = YES;
				GCC_C_LANGUAGE_STANDARD = gnu99;
				GCC_VERSION = com.apple.compilers.llvm.clang.1_0;
				GCC_WARN_ABOUT_RETURN_TYPE = YES;
				GCC_WARN_UNINITIALIZED_AUTOS = YES;
				GCC_WARN_UNUSED_VARIABLE = YES;
				IPHONEOS_DEPLOYMENT_TARGET = 5.1;
				OTHER_CFLAGS = "-DNS_BLOCK_ASSERTIONS=1";
				SDKROOT = iphoneos;
				TARGETED_DEVICE_FAMILY = "1,2";
				VALIDATE_PRODUCT = YES;
			};
			name = Release;
		};
		66D9490E158D34F6002493E4 /* Debug */ = {
			isa = XCBuildConfiguration;
			buildSettings = {
				GCC_PRECOMPILE_PREFIX_HEADER = YES;
				GCC_PREFIX_HEADER = "Real Time Life/Real Time Life-Prefix.pch";
				INFOPLIST_FILE = "Real Time Life/Real Time Life-Info.plist";
				PRODUCT_NAME = "$(TARGET_NAME)";
				WRAPPER_EXTENSION = app;
			};
			name = Debug;
		};
		66D9490F158D34F6002493E4 /* Release */ = {
			isa = XCBuildConfiguration;
			buildSettings = {
				GCC_PRECOMPILE_PREFIX_HEADER = YES;
				GCC_PREFIX_HEADER = "Real Time Life/Real Time Life-Prefix.pch";
				INFOPLIST_FILE = "Real Time Life/Real Time Life-Info.plist";
				PRODUCT_NAME = "$(TARGET_NAME)";
				WRAPPER_EXTENSION = app;
			};
			name = Release;
		};
/* End XCBuildConfiguration section */

/* Begin XCConfigurationList section */
		66D948E6158D34F6002493E4 /* Build configuration list for PBXProject "Real Time Life" */ = {
			isa = XCConfigurationList;
			buildConfigurations = (
				66D9490B158D34F6002493E4 /* Debug */,
				66D9490C158D34F6002493E4 /* Release */,
			);
			defaultConfigurationIsVisible = 0;
			defaultConfigurationName = Release;
		};
		66D9490D158D34F6002493E4 /* Build configuration list for PBXNativeTarget "Real Time Life" */ = {
			isa = XCConfigurationList;
			buildConfigurations = (
				66D9490E158D34F6002493E4 /* Debug */,
				66D9490F158D34F6002493E4 /* Release */,
			);
			defaultConfigurationIsVisible = 0;
		};
/* End XCConfigurationList section */
	};
	rootObject = 66D948E3158D34F6002493E4 /* Project object */;
}
